<?xml version="1.0" encoding="UTF-8" standalone="yes" ?>
<CodeBlocks_project_file>
	<FileVersion major="1" minor="6" />
	<Project>
		<Option title="suma" />
		<Option pch_mode="2" />
		<Option compiler="gcc" />
		<Build>
			<Target title="Debug">
				<Option output="bin/Debug/suma" prefix_auto="1" extension_auto="1" />
				<Option object_output="obj/Debug/" />
				<Option type="1" />
				<Option compiler="gcc" />
				<Compiler>
					<Add option="-g" />
					<Add directory="C:/API/Allegro/include" />
				</Compiler>
				<Linker>
					<Add option="-static-libstdc++" />
					<Add option="-static-libgcc" />
					<Add option="-static" />
					<Add library="liballegro_monolith-static.a" />
					<Add library="libdumb.a" />
					<Add library="libFLAC.a" />
					<Add library="libfreetype.a" />
					<Add library="libjpeg.a" />
					<Add library="libopusfile.a" />
					<Add library="libopus.a" />
					<Add library="libphysfs.a" />
					<Add library="libpng16.a" />
					<Add library="libtheoradec.a" />
					<Add library="libvorbisfile.a" />
					<Add library="libvorbis.a" />
					<Add library="libogg.a" />
					<Add library="libwebp.a" />
					<Add library="libwebpdecoder.a" />
					<Add library="libwebpdemux.a" />
					<Add library="libzlib.a" />
					<Add library="libpsapi.a" />
					<Add library="libwinmm.a" />
					<Add library="libshlwapi.a" />
					<Add library="libgdi32.a" />
					<Add library="libopengl32.a" />
					<Add library="libole32.a" />
					<Add library="libdsound.a" />
					<Add library="libpthread.a" />
					<Add library="libkernel32.a" />
					<Add library="libuser32.a" />
					<Add library="libwinspool.a" />
					<Add library="libshell32.a" />
					<Add library="liboleaut32.a" />
					<Add library="libuuid.a" />
					<Add library="libcomdlg32.a" />
					<Add library="libadvapi32.a" />
					<Add library="libstdc++" />
					<Add directory="C:/API/Allegro/lib" />
				</Linker>
			</Target>
			<Target title="Release">
				<Option output="bin/Release/suma" prefix_auto="1" extension_auto="1" />
				<Option object_output="obj/Release/" />
				<Option type="1" />
				<Option compiler="gcc" />
				<Compiler>
					<Add option="-O2" />
				</Compiler>
				<Linker>
					<Add option="-s" />
				</Linker>
			</Target>
		</Build>
		<Compiler>
			<Add option="-Wall" />
		</Compiler>
		<Unit filename="Array2dFunctionUsingPointer.c">
			<Option compilerVar="CC" />
		</Unit>
		<Unit filename="RefInfo.md" />
		<Unit filename="TeamWork.md" />
		<Unit filename="defineHeader.h" />
		<Unit filename="function_check.c">
			<Option compilerVar="CC" />
		</Unit>
		<Unit filename="function_check.h" />
		<Unit filename="function_draw.c">
			<Option compilerVar="CC" />
		</Unit>
		<Unit filename="function_draw.h" />
		<Unit filename="function_operate.c">
			<Option compilerVar="CC" />
		</Unit>
		<Unit filename="function_operate.h" />
		<Unit filename="function_sound.c">
			<Option compilerVar="CC" />
		</Unit>
		<Unit filename="function_sound.h" />
		<Unit filename="icon.rc">
			<Option compilerVar="WINDRES" />
		</Unit>
		<Unit filename="main.c">
			<Option compilerVar="CC" />
		</Unit>
		<Unit filename="myFunc.c">
			<Option compilerVar="CC" />
		</Unit>
		<Unit filename="own/func_BYK.c">
			<Option compilerVar="CC" />
		</Unit>
		<Unit filename="own/func_HYH.c">
			<Option compilerVar="CC" />
		</Unit>
		<Unit filename="own/func_IRL.c">
			<Option compilerVar="CC" />
		</Unit>
		<Unit filename="own/func_JWS.c">
			<Option compilerVar="CC" />
		</Unit>
		<Unit filename="own/header_BYK.h" />
		<Unit filename="own/header_HYH.h" />
		<Unit filename="own/header_IRL.h" />
		<Unit filename="own/header_JWS.h" />
		<Unit filename="resource.c">
			<Option compilerVar="CC" />
		</Unit>
		<Unit filename="resource.h" />
		<Extensions>
			<lib_finder disable_auto="1" />
		</Extensions>
	</Project>
</CodeBlocks_project_file>
